
Microsoft Visual Studio Solution File, Format Version 12.00
# Visual Studio Version 16
VisualStudioVersion = 16.0.29613.14
MinimumVisualStudioVersion = 10.0.40219.1
Project("{FAE04EC0-301F-11D3-BF4B-00C04F79EFBC}") = "CountryHandler", "CountryHandler\CountryHandler.csproj", "{F11EAF89-9311-4AD1-93D8-A3296BF86758}"
EndProject
Global
	GlobalSection(SolutionConfigurationPlatforms) = preSolution
		Debug|Any CPU = Debug|Any CPU
		Release|Any CPU = Release|Any CPU
	EndGlobalSection
	GlobalSection(ProjectConfigurationPlatforms) = postSolution
		{F11EAF89-9311-4AD1-93D8-A3296BF86758}.Debug|Any CPU.ActiveCfg = Debug|Any CPU
		{F11EAF89-9311-4AD1-93D8-A3296BF86758}.Debug|Any CPU.Build.0 = Debug|Any CPU
		{F11EAF89-9311-4AD1-93D8-A3296BF86758}.Release|Any CPU.ActiveCfg = Release|Any CPU
		{F11EAF89-9311-4AD1-93D8-A3296BF86758}.Release|Any CPU.Build.0 = Release|Any CPU
	EndGlobalSection
	GlobalSection(SolutionProperties) = preSolution
		HideSolutionNode = FALSE
	EndGlobalSection
	GlobalSection(ExtensibilityGlobals) = postSolution
		SolutionGuid = {4256F739-4204-49A9-8FC5-3EA7B1A9AE51}
	EndGlobalSection
EndGlobal
